# This file is generated by running "yarn install" inside your project.
# Manual changes might be lost - proceed with caution!

__metadata:
  version: 8
  cacheKey: 10c0

"after@npm:0.8.2":
  version: 0.8.2
  resolution: "after@npm:0.8.2"
  checksum: 10c0/b7ac8c7936eadfcb7cd6714150f04977745f3555db0d2183fd219d1f69a0d2dba95c1db16f372b45aef6670bda74c674a49a74100310080676b7ec308842a9c3
  languageName: node
  linkType: hard

"arraybuffer.slice@npm:~0.0.7":
  version: 0.0.7
  resolution: "arraybuffer.slice@npm:0.0.7"
  checksum: 10c0/64bbc32b9501f5c1c7bcfca38fcfd976650a91ffbff342cdff532bef7e2fa67e3b43a9242ca6f3e10715b5d1ed8243b0850cd506a84f7bbad5905a04a92b4b9a
  languageName: node
  linkType: hard

"asynckit@npm:^0.4.0":
  version: 0.4.0
  resolution: "asynckit@npm:0.4.0"
  checksum: 10c0/d73e2ddf20c4eb9337e1b3df1a0f6159481050a5de457c55b14ea2e5cb6d90bb69e004c9af54737a5ee0917fcf2c9e25de67777bbe58261847846066ba75bc9d
  languageName: node
  linkType: hard

"backo2@npm:1.0.2":
  version: 1.0.2
  resolution: "backo2@npm:1.0.2"
  checksum: 10c0/a9e825a6a38a6d1c4a94476eabc13d6127dfaafb0967baf104affbb67806ae26abbb58dab8d572d2cd21ef06634ff57c3ad48dff14b904e18de1474cc2f22bf3
  languageName: node
  linkType: hard

"base64-arraybuffer@npm:0.1.4":
  version: 0.1.4
  resolution: "base64-arraybuffer@npm:0.1.4"
  checksum: 10c0/7876324c1457f25707d83ac74f640ef116acdf39a8c8c195eb6d7c90e0588421904a7e7f064b5a0b29a1a52dd5cd488c30595df7c5f69663cfc6438512409d1c
  languageName: node
  linkType: hard

"blob@npm:0.0.5":
  version: 0.0.5
  resolution: "blob@npm:0.0.5"
  checksum: 10c0/56adf88c6da42bb17a7ec5f8ed2506e8e83626b2a1094548cb21aaa2355018c82529c56f065ed7fa8e109199149953c33c0039aa609a79c4948a60e1f92a84db
  languageName: node
  linkType: hard

"com.athom.flowchecker@workspace:.":
  version: 0.0.0-use.local
  resolution: "com.athom.flowchecker@workspace:."
  dependencies:
    homey-api: "npm:^3.14.10"
  languageName: unknown
  linkType: soft

"combined-stream@npm:^1.0.8":
  version: 1.0.8
  resolution: "combined-stream@npm:1.0.8"
  dependencies:
    delayed-stream: "npm:~1.0.0"
  checksum: 10c0/0dbb829577e1b1e839fa82b40c07ffaf7de8a09b935cadd355a73652ae70a88b4320db322f6634a4ad93424292fa80973ac6480986247f1734a1137debf271d5
  languageName: node
  linkType: hard

"component-bind@npm:1.0.0":
  version: 1.0.0
  resolution: "component-bind@npm:1.0.0"
  checksum: 10c0/839485d60fdf21e1303cd739c76f5adac046f7b3d5d7b666ad1259ccff562c7e7afc8922b40e4a5c4665789a7fb6645e527214c80a922093f392d89685fda488
  languageName: node
  linkType: hard

"component-emitter@npm:~1.3.0":
  version: 1.3.1
  resolution: "component-emitter@npm:1.3.1"
  checksum: 10c0/e4900b1b790b5e76b8d71b328da41482118c0f3523a516a41be598dc2785a07fd721098d9bf6e22d89b19f4fa4e1025160dc00317ea111633a3e4f75c2b86032
  languageName: node
  linkType: hard

"component-inherit@npm:0.0.3":
  version: 0.0.3
  resolution: "component-inherit@npm:0.0.3"
  checksum: 10c0/f9f7b0555aa4976e227b28e1cfc1a775941f053fb1c33be81ece31afd759807ff0f35a437fb61a08eb1039a3444a970f29e2808d0621df4eed9ff510849fba36
  languageName: node
  linkType: hard

"debug@npm:~3.1.0":
  version: 3.1.0
  resolution: "debug@npm:3.1.0"
  dependencies:
    ms: "npm:2.0.0"
  checksum: 10c0/5bff34a352d7b2eaa31886eeaf2ee534b5461ec0548315b2f9f80bd1d2533cab7df1fa52e130ce27bc31c3945fbffb0fc72baacdceb274b95ce853db89254ea4
  languageName: node
  linkType: hard

"delayed-stream@npm:~1.0.0":
  version: 1.0.0
  resolution: "delayed-stream@npm:1.0.0"
  checksum: 10c0/d758899da03392e6712f042bec80aa293bbe9e9ff1b2634baae6a360113e708b91326594c8a486d475c69d6259afb7efacdc3537bfcda1c6c648e390ce601b19
  languageName: node
  linkType: hard

"engine.io-client@npm:~3.5.0":
  version: 3.5.3
  resolution: "engine.io-client@npm:3.5.3"
  dependencies:
    component-emitter: "npm:~1.3.0"
    component-inherit: "npm:0.0.3"
    debug: "npm:~3.1.0"
    engine.io-parser: "npm:~2.2.0"
    has-cors: "npm:1.1.0"
    indexof: "npm:0.0.1"
    parseqs: "npm:0.0.6"
    parseuri: "npm:0.0.6"
    ws: "npm:~7.4.2"
    xmlhttprequest-ssl: "npm:~1.6.2"
    yeast: "npm:0.1.2"
  checksum: 10c0/cc7f95567076cf4ecd9f81961628eddca22e97a7091f047a0a598ffac163e6aba0c1b35ded6b81b6781c43348de5ace71835748adc8ea62ac53f1191312c366d
  languageName: node
  linkType: hard

"engine.io-parser@npm:~2.2.0":
  version: 2.2.1
  resolution: "engine.io-parser@npm:2.2.1"
  dependencies:
    after: "npm:0.8.2"
    arraybuffer.slice: "npm:~0.0.7"
    base64-arraybuffer: "npm:0.1.4"
    blob: "npm:0.0.5"
    has-binary2: "npm:~1.0.2"
  checksum: 10c0/b604d52b031d4ba350ae61228fa834b9502e3721ddcf79c0333aaedd604595d7cb8e90240e2b1206512ed9611950e3e3d1d1fae59f18ed0dbb5ff3c70b105306
  languageName: node
  linkType: hard

"form-data@npm:^4.0.0":
  version: 4.0.0
  resolution: "form-data@npm:4.0.0"
  dependencies:
    asynckit: "npm:^0.4.0"
    combined-stream: "npm:^1.0.8"
    mime-types: "npm:^2.1.12"
  checksum: 10c0/cb6f3ac49180be03ff07ba3ff125f9eba2ff0b277fb33c7fc47569fc5e616882c5b1c69b9904c4c4187e97dd0419dd03b134174756f296dec62041e6527e2c6e
  languageName: node
  linkType: hard

"has-binary2@npm:~1.0.2":
  version: 1.0.3
  resolution: "has-binary2@npm:1.0.3"
  dependencies:
    isarray: "npm:2.0.1"
  checksum: 10c0/0ff135b01acfe219badc4b53d939fcec20683cdbe068bf91bfb4c949197eacc141be53c2d93a92c0515b29abc355dfac1e6f03103bfd6b876c8e2e5ca4108afb
  languageName: node
  linkType: hard

"has-cors@npm:1.1.0":
  version: 1.1.0
  resolution: "has-cors@npm:1.1.0"
  checksum: 10c0/5ca44b97681cb05c4fde04bf3d8d84d0b0a95d6134eb5821e057ea3b09f4c658c8b499bcdfc4d8ad669253b5249767062e2882eba40950eb73e4465748d4f3cf
  languageName: node
  linkType: hard

"homey-api@npm:^3.14.10":
  version: 3.14.10
  resolution: "homey-api@npm:3.14.10"
  dependencies:
    form-data: "npm:^4.0.0"
    node-fetch: "npm:^2.6.7"
    socket.io-client: "npm:^2.5.0"
  checksum: 10c0/57c439afc9afacd78e9f532c72ee470e7fed2b2f70da382b4999b010fd16ad14a6290c4cae82167e950b9d1dfc8f246623b464f4aaf1b105552da063ebedb3d1
  languageName: node
  linkType: hard

"indexof@npm:0.0.1":
  version: 0.0.1
  resolution: "indexof@npm:0.0.1"
  checksum: 10c0/31f2b90def1d5429db21384a10d0ccc0d7bdbf0566d30d7fcabf99c7c2b7ffe420bb8fabadcce85e3d453b0e590c507de64401abe8c3eb238c878e78fcb98d33
  languageName: node
  linkType: hard

"isarray@npm:2.0.1":
  version: 2.0.1
  resolution: "isarray@npm:2.0.1"
  checksum: 10c0/ff43dc2ae104ca8c521db397f5c6cc3c8ba68ee33f186f92de72887be0c4ca1333df1386b20f376a520f41739d5a0f5f61fbb6826f10aa2d619ede603e477dc6
  languageName: node
  linkType: hard

"mime-db@npm:1.52.0":
  version: 1.52.0
  resolution: "mime-db@npm:1.52.0"
  checksum: 10c0/0557a01deebf45ac5f5777fe7740b2a5c309c6d62d40ceab4e23da9f821899ce7a900b7ac8157d4548ddbb7beffe9abc621250e6d182b0397ec7f10c7b91a5aa
  languageName: node
  linkType: hard

"mime-types@npm:^2.1.12":
  version: 2.1.35
  resolution: "mime-types@npm:2.1.35"
  dependencies:
    mime-db: "npm:1.52.0"
  checksum: 10c0/82fb07ec56d8ff1fc999a84f2f217aa46cb6ed1033fefaabd5785b9a974ed225c90dc72fff460259e66b95b73648596dbcc50d51ed69cdf464af2d237d3149b2
  languageName: node
  linkType: hard

"ms@npm:2.0.0":
  version: 2.0.0
  resolution: "ms@npm:2.0.0"
  checksum: 10c0/f8fda810b39fd7255bbdc451c46286e549794fcc700dc9cd1d25658bbc4dc2563a5de6fe7c60f798a16a60c6ceb53f033cb353f493f0cf63e5199b702943159d
  languageName: node
  linkType: hard

"node-fetch@npm:^2.6.7":
  version: 2.7.0
  resolution: "node-fetch@npm:2.7.0"
  dependencies:
    whatwg-url: "npm:^5.0.0"
  peerDependencies:
    encoding: ^0.1.0
  peerDependenciesMeta:
    encoding:
      optional: true
  checksum: 10c0/b55786b6028208e6fbe594ccccc213cab67a72899c9234eb59dba51062a299ea853210fcf526998eaa2867b0963ad72338824450905679ff0fa304b8c5093ae8
  languageName: node
  linkType: hard

"parseqs@npm:0.0.6":
  version: 0.0.6
  resolution: "parseqs@npm:0.0.6"
  checksum: 10c0/22da7801bfc4d54596918c8751f975926f31cedc2e576818ade67e7404c014ca3932fddc114447509652056ee7021b9492c3665cf957cfdda60f74e0932627ee
  languageName: node
  linkType: hard

"parseuri@npm:0.0.6":
  version: 0.0.6
  resolution: "parseuri@npm:0.0.6"
  checksum: 10c0/bc1f0818fcabc53a57e9164e806a51bae0ff06c9edf97bb796cef153f97c9d2ce602a012e6f255453c9feae519c0c94056c7a410b3ebc778194cf5d995b268df
  languageName: node
  linkType: hard

"socket.io-client@npm:^2.5.0":
  version: 2.5.0
  resolution: "socket.io-client@npm:2.5.0"
  dependencies:
    backo2: "npm:1.0.2"
    component-bind: "npm:1.0.0"
    component-emitter: "npm:~1.3.0"
    debug: "npm:~3.1.0"
    engine.io-client: "npm:~3.5.0"
    has-binary2: "npm:~1.0.2"
    indexof: "npm:0.0.1"
    parseqs: "npm:0.0.6"
    parseuri: "npm:0.0.6"
    socket.io-parser: "npm:~3.3.0"
    to-array: "npm:0.1.4"
  checksum: 10c0/88f5200203f621377dda7ceef1b04515f5517dae58f507396addf59a3ee1b3237669e40e41dbe0224facae6438891a762369a620de4aa2f61b211a96c0b7415d
  languageName: node
  linkType: hard

"socket.io-parser@npm:~3.3.0":
  version: 3.3.3
  resolution: "socket.io-parser@npm:3.3.3"
  dependencies:
    component-emitter: "npm:~1.3.0"
    debug: "npm:~3.1.0"
    isarray: "npm:2.0.1"
  checksum: 10c0/74c3557350d4b2ad40f661f3af12a0805f7bb8ab1d89591744cdea427599329aafad5512ac4ee6cdb2577a6588bd6682e618e88314d2066c25f4b15d9638966d
  languageName: node
  linkType: hard

"to-array@npm:0.1.4":
  version: 0.1.4
  resolution: "to-array@npm:0.1.4"
  checksum: 10c0/80c8d5677bcff082d68805625fc1282717c4ccd27885093372131cfbcd719e498c2e86c1787d0064f23529b6f2334031094c087061d20fa06430250ea7caef53
  languageName: node
  linkType: hard

"tr46@npm:~0.0.3":
  version: 0.0.3
  resolution: "tr46@npm:0.0.3"
  checksum: 10c0/047cb209a6b60c742f05c9d3ace8fa510bff609995c129a37ace03476a9b12db4dbf975e74600830ef0796e18882b2381fb5fb1f6b4f96b832c374de3ab91a11
  languageName: node
  linkType: hard

"webidl-conversions@npm:^3.0.0":
  version: 3.0.1
  resolution: "webidl-conversions@npm:3.0.1"
  checksum: 10c0/5612d5f3e54760a797052eb4927f0ddc01383550f542ccd33d5238cfd65aeed392a45ad38364970d0a0f4fea32e1f4d231b3d8dac4a3bdd385e5cf802ae097db
  languageName: node
  linkType: hard

"whatwg-url@npm:^5.0.0":
  version: 5.0.0
  resolution: "whatwg-url@npm:5.0.0"
  dependencies:
    tr46: "npm:~0.0.3"
    webidl-conversions: "npm:^3.0.0"
  checksum: 10c0/1588bed84d10b72d5eec1d0faa0722ba1962f1821e7539c535558fb5398d223b0c50d8acab950b8c488b4ba69043fd833cc2697056b167d8ad46fac3995a55d5
  languageName: node
  linkType: hard

"ws@npm:~7.4.2":
  version: 7.4.6
  resolution: "ws@npm:7.4.6"
  peerDependencies:
    bufferutil: ^4.0.1
    utf-8-validate: ^5.0.2
  peerDependenciesMeta:
    bufferutil:
      optional: true
    utf-8-validate:
      optional: true
  checksum: 10c0/4b44b59bbc0549c852fb2f0cdb48e40e122a1b6078aeed3d65557cbeb7d37dda7a4f0027afba2e6a7a695de17701226d02b23bd15c97b0837808c16345c62f8e
  languageName: node
  linkType: hard

"xmlhttprequest-ssl@npm:~1.6.2":
  version: 1.6.3
  resolution: "xmlhttprequest-ssl@npm:1.6.3"
  checksum: 10c0/aa0b71d855866eddf71f52f7b512d3696bb15cf539dcf957268eb1265e6cd836fa7cdceefa55554a9cc4928882cd3399a08f1dbc919080b068b2d5ca45986333
  languageName: node
  linkType: hard

"yeast@npm:0.1.2":
  version: 0.1.2
  resolution: "yeast@npm:0.1.2"
  checksum: 10c0/74530f4ac042e6ff768cb4a35deb1330a092ad239e13f97989aa82496dfb73fcae689eec2f785af1ef904b92ca33cbbffe3d3a7ee937bf29aa033b970af728bb
  languageName: node
  linkType: hard
