# THIS IS AN AUTOGENERATED FILE. DO NOT EDIT THIS FILE DIRECTLY.
# yarn lockfile v1


athom-api@^3.6.5:
  version "3.6.5"
  resolved "https://registry.yarnpkg.com/athom-api/-/athom-api-3.6.5.tgz#ced9e4cea713ac707c40adf43ce39ca2c4573403"
  integrity sha512-2VGp5zdc8OlGY5ucAembNikrqd9hWeXSTFLvL5WkBmbFLT79ID6yxYgNTIY27tXVz6e/8Wro0AC6KTHOZVqACw==
