# THIS IS AN AUTOGENERATED FILE. DO NOT EDIT THIS FILE DIRECTLY.
# yarn lockfile v1


athom-api@^3.7.7:
  version "3.7.7"
  resolved "https://registry.yarnpkg.com/athom-api/-/athom-api-3.7.7.tgz#c5be327fbcb433dd854b205b192676ad7bccd397"
  integrity sha512-Z3UmmvkEa66Gpq/dS0F1X21cN8L9umR2/pMdinNpZfUqNd9GIg7vRsp4yXpTFBmBRhxtb5sCaQOd+55e7I2j6g==
